Microsoft Visual Studio Solution File, Format Version 12.00
# Visual Studio Version 17
VisualStudioVersion = 17.0.31903.59
MinimumVisualStudioVersion = 10.0.40219.1
Project("{FAE04EC0-301F-11D3-BF4B-00C04F79EFBC}") = "MobiVerse.Core", "src\MobiVerse.Core\MobiVerse.Core.csproj", "{2089219D-EA91-468B-9585-8D508B3BE173}"
EndProject
Project("{FAE04EC0-301F-11D3-BF4B-00C04F79EFBC}") = "MobiVerse.App", "src\MobiVerse.App\MobiVerse.App.csproj", "{2C5233E7-BB31-4418-A4BB-542BA1F5A355}"
EndProject
Project("{FAE04EC0-301F-11D3-BF4B-00C04F79EFBC}") = "MobiVerse.Core.Tests", "tests\MobiVerse.Core.Tests\MobiVerse.Core.Tests.csproj", "{30D4035A-0288-414D-8340-889F6AA36E18}"
EndProject
Global
	GlobalSection(SolutionConfigurationPlatforms) = preSolution
		Debug|Any CPU = Debug|Any CPU
		Release|Any CPU = Release|Any CPU
	EndGlobalSection
	GlobalSection(ProjectConfigurationPlatforms) = postSolution
		{2089219D-EA91-468B-9585-8D508B3BE173}.Debug|Any CPU.ActiveCfg = Debug|Any CPU
		{2089219D-EA91-468B-9585-8D508B3BE173}.Debug|Any CPU.Build.0 = Debug|Any CPU
		{2089219D-EA91-468B-9585-8D508B3BE173}.Release|Any CPU.ActiveCfg = Release|Any CPU
		{2089219D-EA91-468B-9585-8D508B3BE173}.Release|Any CPU.Build.0 = Release|Any CPU
		{2C5233E7-BB31-4418-A4BB-542BA1F5A355}.Debug|Any CPU.ActiveCfg = Debug|Any CPU
		{2C5233E7-BB31-4418-A4BB-542BA1F5A355}.Debug|Any CPU.Build.0 = Debug|Any CPU
		{2C5233E7-BB31-4418-A4BB-542BA1F5A355}.Release|Any CPU.ActiveCfg = Release|Any CPU
		{2C5233E7-BB31-4418-A4BB-542BA1F5A355}.Release|Any CPU.Build.0 = Release|Any CPU
		{30D4035A-0288-414D-8340-889F6AA36E18}.Debug|Any CPU.ActiveCfg = Debug|Any CPU
		{30D4035A-0288-414D-8340-889F6AA36E18}.Debug|Any CPU.Build.0 = Debug|Any CPU
		{30D4035A-0288-414D-8340-889F6AA36E18}.Release|Any CPU.ActiveCfg = Release|Any CPU
		{30D4035A-0288-414D-8340-889F6AA36E18}.Release|Any CPU.Build.0 = Release|Any CPU
	EndGlobalSection
EndGlobal
